// !$*UTF8*$!
{
	archiveVersion = 1;
	classes = {
	};
	objectVersion = 46;
	objects = {

/* Begin PBXBuildFile section */
		CECDDC021ADE76E100DC3F0F /* staticLib.h in CopyFiles */ = {isa = PBXBuildFile; fileRef = CECDDC011ADE76E100DC3F0F /* staticLib.h */; };
		CECDDC041ADE76E100DC3F0F /* staticLib.m in Sources */ = {isa = PBXBuildFile; fileRef = CECDDC031ADE76E100DC3F0F /* staticLib.m */; };
		CECDDC0A1ADE76E100DC3F0F /* libstaticLib.a in Frameworks */ = {isa = PBXBuildFile; fileRef = CECDDBFE1ADE76E100DC3F0F /* libstaticLib.a */; };
/* End PBXBuildFile section */

/* Begin PBXContainerItemProxy section */
		CECDDC0B1ADE76E100DC3F0F /* PBXContainerItemProxy */ = {
			isa = PBXContainerItemProxy;
			containerPortal = CECDDBF61ADE76E000DC3F0F /* Project object */;
			proxyType = 1;
			remoteGlobalIDString = CECDDBFD1ADE76E100DC3F0F;
			remoteInfo = staticLib;
		};
/* End PBXContainerItemProxy section */

/* Begin PBXCopyFilesBuildPhase section */
		CECDDBFC1ADE76E100DC3F0F /* CopyFiles */ = {
			isa = PBXCopyFilesBuildPhase;
			buildActionMask = 2147483647;
			dstPath = "include/$(PRODUCT_NAME)";
			dstSubfolderSpec = 16;
			files = (
				CECDDC021ADE76E100DC3F0F /* staticLib.h in CopyFiles */,
			);
			runOnlyForDeploymentPostprocessing = 0;
		};
/* End PBXCopyFilesBuildPhase section */

/* Begin PBXFileReference section */
		CECDDBFE1ADE76E100DC3F0F /* libstaticLib.a */ = {isa = PBXFileReference; explicitFileType = archive.ar; includeInIndex = 0; path = libstaticLib.a; sourceTree = BUILT_PRODUCTS_DIR; };
		CECDDC011ADE76E100DC3F0F /* staticLib.h */ = {isa = PBXFileReference; lastKnownFileType = sourcecode.c.h; path = staticLib.h; sourceTree = "<group>"; };
		CECDDC031ADE76E100DC3F0F /* staticLib.m */ = {isa = PBXFileReference; lastKnownFileType = sourcecode.c.objc; path = staticLib.m; sourceTree = "<group>"; };
		CECDDC091ADE76E100DC3F0F /* staticLibTests.xctest */ = {isa = PBXFileReference; explicitFileType = wrapper.cfbundle; includeInIndex = 0; path = staticLibTests.xctest; sourceTree = BUILT_PRODUCTS_DIR; };
		CECDDC0F1ADE76E100DC3F0F /* Info.plist */ = {isa = PBXFileReference; lastKnownFileType = text.plist.xml; path = Info.plist; sourceTree = "<group>"; };
/* End PBXFileReference section */

/* Begin PBXFrameworksBuildPhase section */
		CECDDBFB1ADE76E100DC3F0F /* Frameworks */ = {
			isa = PBXFrameworksBuildPhase;
			buildActionMask = 2147483647;
			files = (
			);
			runOnlyForDeploymentPostprocessing = 0;
		};
		CECDDC061ADE76E100DC3F0F /* Frameworks */ = {
			isa = PBXFrameworksBuildPhase;
			buildActionMask = 2147483647;
			files = (
				CECDDC0A1ADE76E100DC3F0F /* libstaticLib.a in Frameworks */,
			);
			runOnlyForDeploymentPostprocessing = 0;
		};
/* End PBXFrameworksBuildPhase section */

/* Begin PBXGroup section */
		CECDDBF51ADE76E000DC3F0F = {
			isa = PBXGroup;
			children = (
				CECDDC001ADE76E100DC3F0F /* staticLib */,
				CECDDC0D1ADE76E100DC3F0F /* staticLibTests */,
				CECDDBFF1ADE76E100DC3F0F /* Products */,
			);
			sourceTree = "<group>";
		};
		CECDDBFF1ADE76E100DC3F0F /* Products */ = {
			isa = PBXGroup;
			children = (
				CECDDBFE1ADE76E100DC3F0F /* libstaticLib.a */,
				CECDDC091ADE76E100DC3F0F /* staticLibTests.xctest */,
			);
			name = Products;
			sourceTree = "<group>";
		};
		CECDDC001ADE76E100DC3F0F /* staticLib */ = {
			isa = PBXGroup;
			children = (
				CECDDC011ADE76E100DC3F0F /* staticLib.h */,
				CECDDC031ADE76E100DC3F0F /* staticLib.m */,
			);
			path = staticLib;
			sourceTree = "<group>";
		};
		CECDDC0D1ADE76E100DC3F0F /* staticLibTests */ = {
			isa = PBXGroup;
			children = (
				CECDDC0E1ADE76E100DC3F0F /* Supporting Files */,
			);
			path = staticLibTests;
			sourceTree = "<group>";
		};
		CECDDC0E1ADE76E100DC3F0F /* Supporting Files */ = {
			isa = PBXGroup;
			children = (
				CECDDC0F1ADE76E100DC3F0F /* Info.plist */,
			);
			name = "Supporting Files";
			sourceTree = "<group>";
		};
/* End PBXGroup section */

/* Begin PBXNativeTarget section */
		CECDDBFD1ADE76E100DC3F0F /* staticLib */ = {
			isa = PBXNativeTarget;
			buildConfigurationList = CECDDC121ADE76E100DC3F0F /* Build configuration list for PBXNativeTarget "staticLib" */;
			buildPhases = (
				CECDDBFA1ADE76E100DC3F0F /* Sources */,
				CECDDBFB1ADE76E100DC3F0F /* Frameworks */,
				CECDDBFC1ADE76E100DC3F0F /* CopyFiles */,
			);
			buildRules = (
			);
			dependencies = (
			);
			name = staticLib;
			productName = staticLib;
			productReference = CECDDBFE1ADE76E100DC3F0F /* libstaticLib.a */;
			productType = "com.apple.product-type.library.static";
		};
		CECDDC081ADE76E100DC3F0F /* staticLibTests */ = {
			isa = PBXNativeTarget;
			buildConfigurationList = CECDDC151ADE76E100DC3F0F /* Build configuration list for PBXNativeTarget "staticLibTests" */;
			buildPhases = (
				CECDDC051ADE76E100DC3F0F /* Sources */,
				CECDDC061ADE76E100DC3F0F /* Frameworks */,
				CECDDC071ADE76E100DC3F0F /* Resources */,
			);
			buildRules = (
			);
			dependencies = (
				CECDDC0C1ADE76E100DC3F0F /* PBXTargetDependency */,
			);
			name = staticLibTests;
			productName = staticLibTests;
			productReference = CECDDC091ADE76E100DC3F0F /* staticLibTests.xctest */;
			productType = "com.apple.product-type.bundle.unit-test";
		};
/* End PBXNativeTarget section */

/* Begin PBXProject section */
		CECDDBF61ADE76E000DC3F0F /* Project object */ = {
			isa = PBXProject;
			attributes = {
				LastUpgradeCheck = 0610;
				ORGANIZATIONNAME = "Letsgomo Lab";
				TargetAttributes = {
					CECDDBFD1ADE76E100DC3F0F = {
						CreatedOnToolsVersion = 6.1;
					};
					CECDDC081ADE76E100DC3F0F = {
						CreatedOnToolsVersion = 6.1;
					};
				};
			};
			buildConfigurationList = CECDDBF91ADE76E000DC3F0F /* Build configuration list for PBXProject "staticLib" */;
			compatibilityVersion = "Xcode 3.2";
			developmentRegion = English;
			hasScannedForEncodings = 0;
			knownRegions = (
				en,
			);
			mainGroup = CECDDBF51ADE76E000DC3F0F;
			productRefGroup = CECDDBFF1ADE76E100DC3F0F /* Products */;
			projectDirPath = "";
			projectRoot = "";
			targets = (
				CECDDBFD1ADE76E100DC3F0F /* staticLib */,
				CECDDC081ADE76E100DC3F0F /* staticLibTests */,
			);
		};
/* End PBXProject section */

/* Begin PBXResourcesBuildPhase section */
		CECDDC071ADE76E100DC3F0F /* Resources */ = {
			isa = PBXResourcesBuildPhase;
			buildActionMask = 2147483647;
			files = (
			);
			runOnlyForDeploymentPostprocessing = 0;
		};
/* End PBXResourcesBuildPhase section */

/* Begin PBXSourcesBuildPhase section */
		CECDDBFA1ADE76E100DC3F0F /* Sources */ = {
			isa = PBXSourcesBuildPhase;
			buildActionMask = 2147483647;
			files = (
				CECDDC041ADE76E100DC3F0F /* staticLib.m in Sources */,
			);
			runOnlyForDeploymentPostprocessing = 0;
		};
		CECDDC051ADE76E100DC3F0F /* Sources */ = {
			isa = PBXSourcesBuildPhase;
			buildActionMask = 2147483647;
			files = (
			);
			runOnlyForDeploymentPostprocessing = 0;
		};
/* End PBXSourcesBuildPhase section */

/* Begin PBXTargetDependency section */
		CECDDC0C1ADE76E100DC3F0F /* PBXTargetDependency */ = {
			isa = PBXTargetDependency;
			target = CECDDBFD1ADE76E100DC3F0F /* staticLib */;
			targetProxy = CECDDC0B1ADE76E100DC3F0F /* PBXContainerItemProxy */;
		};
/* End PBXTargetDependency section */

/* Begin XCBuildConfiguration section */
		CECDDC101ADE76E100DC3F0F /* Debug */ = {
			isa = XCBuildConfiguration;
			buildSettings = {
				ALWAYS_SEARCH_USER_PATHS = NO;
				CLANG_CXX_LANGUAGE_STANDARD = "gnu++0x";
				CLANG_CXX_LIBRARY = "libc++";
				CLANG_ENABLE_MODULES = YES;
				CLANG_ENABLE_OBJC_ARC = YES;
				CLANG_WARN_BOOL_CONVERSION = YES;
				CLANG_WARN_CONSTANT_CONVERSION = YES;
				CLANG_WARN_DIRECT_OBJC_ISA_USAGE = YES_ERROR;
				CLANG_WARN_EMPTY_BODY = YES;
				CLANG_WARN_ENUM_CONVERSION = YES;
				CLANG_WARN_INT_CONVERSION = YES;
				CLANG_WARN_OBJC_ROOT_CLASS = YES_ERROR;
				CLANG_WARN_UNREACHABLE_CODE = YES;
				CLANG_WARN__DUPLICATE_METHOD_MATCH = YES;
				COPY_PHASE_STRIP = NO;
				ENABLE_STRICT_OBJC_MSGSEND = YES;
				GCC_C_LANGUAGE_STANDARD = gnu99;
				GCC_DYNAMIC_NO_PIC = NO;
				GCC_OPTIMIZATION_LEVEL = 0;
				GCC_PREPROCESSOR_DEFINITIONS = (
					"DEBUG=1",
					"$(inherited)",
				);
				GCC_SYMBOLS_PRIVATE_EXTERN = NO;
				GCC_WARN_64_TO_32_BIT_CONVERSION = YES;
				GCC_WARN_ABOUT_RETURN_TYPE = YES_ERROR;
				GCC_WARN_UNDECLARED_SELECTOR = YES;
				GCC_WARN_UNINITIALIZED_AUTOS = YES_AGGRESSIVE;
				GCC_WARN_UNUSED_FUNCTION = YES;
				GCC_WARN_UNUSED_VARIABLE = YES;
				IPHONEOS_DEPLOYMENT_TARGET = 8.1;
				MTL_ENABLE_DEBUG_INFO = YES;
				ONLY_ACTIVE_ARCH = YES;
				SDKROOT = iphoneos;
			};
			name = Debug;
		};
		CECDDC111ADE76E100DC3F0F /* Release */ = {
			isa = XCBuildConfiguration;
			buildSettings = {
				ALWAYS_SEARCH_USER_PATHS = NO;
				CLANG_CXX_LANGUAGE_STANDARD = "gnu++0x";
				CLANG_CXX_LIBRARY = "libc++";
				CLANG_ENABLE_MODULES = YES;
				CLANG_ENABLE_OBJC_ARC = YES;
				CLANG_WARN_BOOL_CONVERSION = YES;
				CLANG_WARN_CONSTANT_CONVERSION = YES;
				CLANG_WARN_DIRECT_OBJC_ISA_USAGE = YES_ERROR;
				CLANG_WARN_EMPTY_BODY = YES;
				CLANG_WARN_ENUM_CONVERSION = YES;
				CLANG_WARN_INT_CONVERSION = YES;
				CLANG_WARN_OBJC_ROOT_CLASS = YES_ERROR;
				CLANG_WARN_UNREACHABLE_CODE = YES;
				CLANG_WARN__DUPLICATE_METHOD_MATCH = YES;
				COPY_PHASE_STRIP = YES;
				ENABLE_NS_ASSERTIONS = NO;
				ENABLE_STRICT_OBJC_MSGSEND = YES;
				GCC_C_LANGUAGE_STANDARD = gnu99;
				GCC_WARN_64_TO_32_BIT_CONVERSION = YES;
				GCC_WARN_ABOUT_RETURN_TYPE = YES_ERROR;
				GCC_WARN_UNDECLARED_SELECTOR = YES;
				GCC_WARN_UNINITIALIZED_AUTOS = YES_AGGRESSIVE;
				GCC_WARN_UNUSED_FUNCTION = YES;
				GCC_WARN_UNUSED_VARIABLE = YES;
				IPHONEOS_DEPLOYMENT_TARGET = 8.1;
				MTL_ENABLE_DEBUG_INFO = NO;
				SDKROOT = iphoneos;
				VALIDATE_PRODUCT = YES;
			};
			name = Release;
		};
		CECDDC131ADE76E100DC3F0F /* Debug */ = {
			isa = XCBuildConfiguration;
			buildSettings = {
				OTHER_LDFLAGS = "-ObjC";
				PRODUCT_NAME = "$(TARGET_NAME)";
				SKIP_INSTALL = YES;
			};
			name = Debug;
		};
		CECDDC141ADE76E100DC3F0F /* Release */ = {
			isa = XCBuildConfiguration;
			buildSettings = {
				OTHER_LDFLAGS = "-ObjC";
				PRODUCT_NAME = "$(TARGET_NAME)";
				SKIP_INSTALL = YES;
			};
			name = Release;
		};
		CECDDC161ADE76E100DC3F0F /* Debug */ = {
			isa = XCBuildConfiguration;
			buildSettings = {
				FRAMEWORK_SEARCH_PATHS = (
					"$(SDKROOT)/Developer/Library/Frameworks",
					"$(inherited)",
				);
				GCC_PREPROCESSOR_DEFINITIONS = (
					"DEBUG=1",
					"$(inherited)",
				);
				INFOPLIST_FILE = staticLibTests/Info.plist;
				LD_RUNPATH_SEARCH_PATHS = "$(inherited) @executable_path/Frameworks @loader_path/Frameworks";
				PRODUCT_NAME = "$(TARGET_NAME)";
			};
			name = Debug;
		};
		CECDDC171ADE76E100DC3F0F /* Release */ = {
			isa = XCBuildConfiguration;
			buildSettings = {
				FRAMEWORK_SEARCH_PATHS = (
					"$(SDKROOT)/Developer/Library/Frameworks",
					"$(inherited)",
				);
				INFOPLIST_FILE = staticLibTests/Info.plist;
				LD_RUNPATH_SEARCH_PATHS = "$(inherited) @executable_path/Frameworks @loader_path/Frameworks";
				PRODUCT_NAME = "$(TARGET_NAME)";
			};
			name = Release;
		};
/* End XCBuildConfiguration section */

/* Begin XCConfigurationList section */
		CECDDBF91ADE76E000DC3F0F /* Build configuration list for PBXProject "staticLib" */ = {
			isa = XCConfigurationList;
			buildConfigurations = (
				CECDDC101ADE76E100DC3F0F /* Debug */,
				CECDDC111ADE76E100DC3F0F /* Release */,
			);
			defaultConfigurationIsVisible = 0;
			defaultConfigurationName = Release;
		};
		CECDDC121ADE76E100DC3F0F /* Build configuration list for PBXNativeTarget "staticLib" */ = {
			isa = XCConfigurationList;
			buildConfigurations = (
				CECDDC131ADE76E100DC3F0F /* Debug */,
				CECDDC141ADE76E100DC3F0F /* Release */,
			);
			defaultConfigurationIsVisible = 0;
		};
		CECDDC151ADE76E100DC3F0F /* Build configuration list for PBXNativeTarget "staticLibTests" */ = {
			isa = XCConfigurationList;
			buildConfigurations = (
				CECDDC161ADE76E100DC3F0F /* Debug */,
				CECDDC171ADE76E100DC3F0F /* Release */,
			);
			defaultConfigurationIsVisible = 0;
		};
/* End XCConfigurationList section */
	};
	rootObject = CECDDBF61ADE76E000DC3F0F /* Project object */;
}
